
Microsoft Visual Studio Solution File, Format Version 12.00
# Visual Studio 15
VisualStudioVersion = 15.0.27428.2037
MinimumVisualStudioVersion = 10.0.40219.1
Project("{FAE04EC0-301F-11D3-BF4B-00C04F79EFBC}") = "DatabaseConnectionDialog", "DatabaseConnectionDialog\DatabaseConnectionDialog.csproj", "{EA4E3591-F3F9-4FF8-B4FE-6D80A71DB043}"
EndProject
Project("{FAE04EC0-301F-11D3-BF4B-00C04F79EFBC}") = "WPFSQLPad", "WPFSQLPad\WPFSQLPad.csproj", "{F9121280-E814-4C85-AB1E-9E976D1F4C03}"
EndProject
Project("{9A19103F-16F7-4668-BE54-9A1E7A4F7556}") = "Model", "Model\Model.csproj", "{562319CF-38AD-42F8-B140-94C7042A92F0}"
EndProject
Project("{FAE04EC0-301F-11D3-BF4B-00C04F79EFBC}") = "Logger", "Logger\Logger.csproj", "{339EC89A-F05E-45CF-AEAE-482753438EBE}"
EndProject
Project("{FAE04EC0-301F-11D3-BF4B-00C04F79EFBC}") = "QueryTabControl", "QueryTabControl\QueryTabControl.csproj", "{D66844AD-58C4-4C19-83C2-3A6F3EB9B1BA}"
EndProject
Global
	GlobalSection(SolutionConfigurationPlatforms) = preSolution
		Debug|Any CPU = Debug|Any CPU
		Debug|x64 = Debug|x64
		Debug|x86 = Debug|x86
		Release|Any CPU = Release|Any CPU
		Release|x64 = Release|x64
		Release|x86 = Release|x86
	EndGlobalSection
	GlobalSection(ProjectConfigurationPlatforms) = postSolution
		{EA4E3591-F3F9-4FF8-B4FE-6D80A71DB043}.Debug|Any CPU.ActiveCfg = Debug|Any CPU
		{EA4E3591-F3F9-4FF8-B4FE-6D80A71DB043}.Debug|Any CPU.Build.0 = Debug|Any CPU
		{EA4E3591-F3F9-4FF8-B4FE-6D80A71DB043}.Debug|x64.ActiveCfg = Debug|Any CPU
		{EA4E3591-F3F9-4FF8-B4FE-6D80A71DB043}.Debug|x64.Build.0 = Debug|Any CPU
		{EA4E3591-F3F9-4FF8-B4FE-6D80A71DB043}.Debug|x86.ActiveCfg = Debug|Any CPU
		{EA4E3591-F3F9-4FF8-B4FE-6D80A71DB043}.Debug|x86.Build.0 = Debug|Any CPU
		{EA4E3591-F3F9-4FF8-B4FE-6D80A71DB043}.Release|Any CPU.ActiveCfg = Release|Any CPU
		{EA4E3591-F3F9-4FF8-B4FE-6D80A71DB043}.Release|Any CPU.Build.0 = Release|Any CPU
		{EA4E3591-F3F9-4FF8-B4FE-6D80A71DB043}.Release|x64.ActiveCfg = Release|Any CPU
		{EA4E3591-F3F9-4FF8-B4FE-6D80A71DB043}.Release|x64.Build.0 = Release|Any CPU
		{EA4E3591-F3F9-4FF8-B4FE-6D80A71DB043}.Release|x86.ActiveCfg = Release|Any CPU
		{EA4E3591-F3F9-4FF8-B4FE-6D80A71DB043}.Release|x86.Build.0 = Release|Any CPU
		{F9121280-E814-4C85-AB1E-9E976D1F4C03}.Debug|Any CPU.ActiveCfg = Debug|Any CPU
		{F9121280-E814-4C85-AB1E-9E976D1F4C03}.Debug|Any CPU.Build.0 = Debug|Any CPU
		{F9121280-E814-4C85-AB1E-9E976D1F4C03}.Debug|x64.ActiveCfg = Debug|Any CPU
		{F9121280-E814-4C85-AB1E-9E976D1F4C03}.Debug|x64.Build.0 = Debug|Any CPU
		{F9121280-E814-4C85-AB1E-9E976D1F4C03}.Debug|x86.ActiveCfg = Debug|Any CPU
		{F9121280-E814-4C85-AB1E-9E976D1F4C03}.Debug|x86.Build.0 = Debug|Any CPU
		{F9121280-E814-4C85-AB1E-9E976D1F4C03}.Release|Any CPU.ActiveCfg = Release|Any CPU
		{F9121280-E814-4C85-AB1E-9E976D1F4C03}.Release|Any CPU.Build.0 = Release|Any CPU
		{F9121280-E814-4C85-AB1E-9E976D1F4C03}.Release|x64.ActiveCfg = Release|Any CPU
		{F9121280-E814-4C85-AB1E-9E976D1F4C03}.Release|x64.Build.0 = Release|Any CPU
		{F9121280-E814-4C85-AB1E-9E976D1F4C03}.Release|x86.ActiveCfg = Release|Any CPU
		{F9121280-E814-4C85-AB1E-9E976D1F4C03}.Release|x86.Build.0 = Release|Any CPU
		{562319CF-38AD-42F8-B140-94C7042A92F0}.Debug|Any CPU.ActiveCfg = Debug|Any CPU
		{562319CF-38AD-42F8-B140-94C7042A92F0}.Debug|Any CPU.Build.0 = Debug|Any CPU
		{562319CF-38AD-42F8-B140-94C7042A92F0}.Debug|x64.ActiveCfg = Debug|Any CPU
		{562319CF-38AD-42F8-B140-94C7042A92F0}.Debug|x64.Build.0 = Debug|Any CPU
		{562319CF-38AD-42F8-B140-94C7042A92F0}.Debug|x86.ActiveCfg = Debug|Any CPU
		{562319CF-38AD-42F8-B140-94C7042A92F0}.Debug|x86.Build.0 = Debug|Any CPU
		{562319CF-38AD-42F8-B140-94C7042A92F0}.Release|Any CPU.ActiveCfg = Release|Any CPU
		{562319CF-38AD-42F8-B140-94C7042A92F0}.Release|Any CPU.Build.0 = Release|Any CPU
		{562319CF-38AD-42F8-B140-94C7042A92F0}.Release|x64.ActiveCfg = Release|Any CPU
		{562319CF-38AD-42F8-B140-94C7042A92F0}.Release|x64.Build.0 = Release|Any CPU
		{562319CF-38AD-42F8-B140-94C7042A92F0}.Release|x86.ActiveCfg = Release|Any CPU
		{562319CF-38AD-42F8-B140-94C7042A92F0}.Release|x86.Build.0 = Release|Any CPU
		{339EC89A-F05E-45CF-AEAE-482753438EBE}.Debug|Any CPU.ActiveCfg = Debug|Any CPU
		{339EC89A-F05E-45CF-AEAE-482753438EBE}.Debug|Any CPU.Build.0 = Debug|Any CPU
		{339EC89A-F05E-45CF-AEAE-482753438EBE}.Debug|x64.ActiveCfg = Debug|Any CPU
		{339EC89A-F05E-45CF-AEAE-482753438EBE}.Debug|x64.Build.0 = Debug|Any CPU
		{339EC89A-F05E-45CF-AEAE-482753438EBE}.Debug|x86.ActiveCfg = Debug|Any CPU
		{339EC89A-F05E-45CF-AEAE-482753438EBE}.Debug|x86.Build.0 = Debug|Any CPU
		{339EC89A-F05E-45CF-AEAE-482753438EBE}.Release|Any CPU.ActiveCfg = Release|Any CPU
		{339EC89A-F05E-45CF-AEAE-482753438EBE}.Release|Any CPU.Build.0 = Release|Any CPU
		{339EC89A-F05E-45CF-AEAE-482753438EBE}.Release|x64.ActiveCfg = Release|Any CPU
		{339EC89A-F05E-45CF-AEAE-482753438EBE}.Release|x64.Build.0 = Release|Any CPU
		{339EC89A-F05E-45CF-AEAE-482753438EBE}.Release|x86.ActiveCfg = Release|Any CPU
		{339EC89A-F05E-45CF-AEAE-482753438EBE}.Release|x86.Build.0 = Release|Any CPU
		{D66844AD-58C4-4C19-83C2-3A6F3EB9B1BA}.Debug|Any CPU.ActiveCfg = Debug|Any CPU
		{D66844AD-58C4-4C19-83C2-3A6F3EB9B1BA}.Debug|Any CPU.Build.0 = Debug|Any CPU
		{D66844AD-58C4-4C19-83C2-3A6F3EB9B1BA}.Debug|x64.ActiveCfg = Debug|Any CPU
		{D66844AD-58C4-4C19-83C2-3A6F3EB9B1BA}.Debug|x64.Build.0 = Debug|Any CPU
		{D66844AD-58C4-4C19-83C2-3A6F3EB9B1BA}.Debug|x86.ActiveCfg = Debug|Any CPU
		{D66844AD-58C4-4C19-83C2-3A6F3EB9B1BA}.Debug|x86.Build.0 = Debug|Any CPU
		{D66844AD-58C4-4C19-83C2-3A6F3EB9B1BA}.Release|Any CPU.ActiveCfg = Release|Any CPU
		{D66844AD-58C4-4C19-83C2-3A6F3EB9B1BA}.Release|Any CPU.Build.0 = Release|Any CPU
		{D66844AD-58C4-4C19-83C2-3A6F3EB9B1BA}.Release|x64.ActiveCfg = Release|Any CPU
		{D66844AD-58C4-4C19-83C2-3A6F3EB9B1BA}.Release|x64.Build.0 = Release|Any CPU
		{D66844AD-58C4-4C19-83C2-3A6F3EB9B1BA}.Release|x86.ActiveCfg = Release|Any CPU
		{D66844AD-58C4-4C19-83C2-3A6F3EB9B1BA}.Release|x86.Build.0 = Release|Any CPU
	EndGlobalSection
	GlobalSection(SolutionProperties) = preSolution
		HideSolutionNode = FALSE
	EndGlobalSection
	GlobalSection(ExtensibilityGlobals) = postSolution
		SolutionGuid = {8760D66B-1553-42F5-AE30-83CB4649FED6}
	EndGlobalSection
EndGlobal
