
Microsoft Visual Studio Solution File, Format Version 12.00
# Visual Studio 15
VisualStudioVersion = 15.0.27428.2037
MinimumVisualStudioVersion = 10.0.40219.1
Project("{FAE04EC0-301F-11D3-BF4B-00C04F79EFBC}") = "ImageSelectionInfo", "ImageSelectionInfo\ImageSelectionInfo.csproj", "{25A396EE-4266-4917-973F-858171308B80}"
EndProject
Project("{FAE04EC0-301F-11D3-BF4B-00C04F79EFBC}") = "TextSelectionInfo", "TextSelectionInfo\TextSelectionInfo.csproj", "{C03ACEF2-2FDE-474D-9404-DDBF018DC580}"
EndProject
Global
	GlobalSection(SolutionConfigurationPlatforms) = preSolution
		Debug|Any CPU = Debug|Any CPU
		Release|Any CPU = Release|Any CPU
	EndGlobalSection
	GlobalSection(ProjectConfigurationPlatforms) = postSolution
		{25A396EE-4266-4917-973F-858171308B80}.Debug|Any CPU.ActiveCfg = Debug|Any CPU
		{25A396EE-4266-4917-973F-858171308B80}.Debug|Any CPU.Build.0 = Debug|Any CPU
		{25A396EE-4266-4917-973F-858171308B80}.Release|Any CPU.ActiveCfg = Release|Any CPU
		{25A396EE-4266-4917-973F-858171308B80}.Release|Any CPU.Build.0 = Release|Any CPU
		{C03ACEF2-2FDE-474D-9404-DDBF018DC580}.Debug|Any CPU.ActiveCfg = Debug|Any CPU
		{C03ACEF2-2FDE-474D-9404-DDBF018DC580}.Debug|Any CPU.Build.0 = Debug|Any CPU
		{C03ACEF2-2FDE-474D-9404-DDBF018DC580}.Release|Any CPU.ActiveCfg = Release|Any CPU
		{C03ACEF2-2FDE-474D-9404-DDBF018DC580}.Release|Any CPU.Build.0 = Release|Any CPU
	EndGlobalSection
	GlobalSection(SolutionProperties) = preSolution
		HideSolutionNode = FALSE
	EndGlobalSection
	GlobalSection(ExtensibilityGlobals) = postSolution
		SolutionGuid = {E8664435-447F-4BC7-9F75-96FE806260D2}
	EndGlobalSection
EndGlobal
